
Microsoft Visual Studio Solution File, Format Version 12.00
# Visual Studio Version 17
VisualStudioVersion = 17.2.32630.192
MinimumVisualStudioVersion = 10.0.40219.1
Project("{FAE04EC0-301F-11D3-BF4B-00C04F79EFBC}") = "AutoKeyPressorFF", "AutoKeyPressorFF.csproj", "{51F9E541-A6A2-489E-9134-CF68B563AAA1}"
EndProject
Global
	GlobalSection(SolutionConfigurationPlatforms) = preSolution
		Debug|Any CPU = Debug|Any CPU
		Release|Any CPU = Release|Any CPU
	EndGlobalSection
	GlobalSection(ProjectConfigurationPlatforms) = postSolution
		{51F9E541-A6A2-489E-9134-CF68B563AAA1}.Debug|Any CPU.ActiveCfg = Debug|Any CPU
		{51F9E541-A6A2-489E-9134-CF68B563AAA1}.Debug|Any CPU.Build.0 = Debug|Any CPU
		{51F9E541-A6A2-489E-9134-CF68B563AAA1}.Release|Any CPU.ActiveCfg = Release|Any CPU
		{51F9E541-A6A2-489E-9134-CF68B563AAA1}.Release|Any CPU.Build.0 = Release|Any CPU
	EndGlobalSection
	GlobalSection(SolutionProperties) = preSolution
		HideSolutionNode = FALSE
	EndGlobalSection
	GlobalSection(ExtensibilityGlobals) = postSolution
		SolutionGuid = {EFF59CF8-300A-42D5-91E5-2F7BA6B96405}
	EndGlobalSection
EndGlobal
